
Microsoft Visual Studio Solution File, Format Version 12.00
# Visual Studio Version 17
VisualStudioVersion = 17.3.32825.248
MinimumVisualStudioVersion = 10.0.40219.1
Project("{9A19103F-16F7-4668-BE54-9A1E7A4F7556}") = "eba-proxy", "eba-proxy.csproj", "{6654BD85-E9A3-4E65-91EB-C09DA6B8B505}"
EndProject
Global
	GlobalSection(SolutionConfigurationPlatforms) = preSolution
		Debug|Any CPU = Debug|Any CPU
		Release|Any CPU = Release|Any CPU
	EndGlobalSection
	GlobalSection(ProjectConfigurationPlatforms) = postSolution
		{6654BD85-E9A3-4E65-91EB-C09DA6B8B505}.Debug|Any CPU.ActiveCfg = Debug|Any CPU
		{6654BD85-E9A3-4E65-91EB-C09DA6B8B505}.Debug|Any CPU.Build.0 = Debug|Any CPU
		{6654BD85-E9A3-4E65-91EB-C09DA6B8B505}.Release|Any CPU.ActiveCfg = Release|Any CPU
		{6654BD85-E9A3-4E65-91EB-C09DA6B8B505}.Release|Any CPU.Build.0 = Release|Any CPU
	EndGlobalSection
	GlobalSection(SolutionProperties) = preSolution
		HideSolutionNode = FALSE
	EndGlobalSection
	GlobalSection(ExtensibilityGlobals) = postSolution
		SolutionGuid = {3A814736-8CFF-4E00-B2C5-38BD32DC2915}
	EndGlobalSection
EndGlobal
